{
  "version": 4,
  "terraform_version": "0.12.12",
  "serial": 22,
  "lineage": "bd966752-1eac-5161-3d77-14027f4e67ce",
  "outputs": {},
  "resources": [
    {
      "mode": "data",
      "type": "digitalocean_ssh_key",
      "name": "terraform",
      "provider": "provider.digitalocean",
      "instances": [
        {
          "schema_version": 0,
          "attributes": {
            "fingerprint": "9f:64:65:87:11:cd:41:e5:79:1d:b7:36:7b:4f:46:ee",
            "id": "38459174",
            "name": "terraform",
            "public_key": "ssh-rsa AAAAB3NzaC1yc2EAAAADAQABAAACAQDU1pSP5KEBXFCBgVE4QRpL1QFqMWbGdbDOtgreGrJCq0HsEXLi4whdkLLY1SK1AIBLpEv1XDhaZo/WBo9APeBSIpGjkpTVwe2JYwjx1KClppl4m1Xit/v0ygYpfsJ33qbVs5MTtbOsy9IWy44LNlBFvRycoSf6j0PjdzH0U+OqT9Q9dbYI3SekCWqk+sUYNtc3absM3E8p0bn3ao/7hajqNwi7iW/SKWG9N57NbueM0pCxw9YVIeQFGNUC8zajvAPJzsZuc4Gso3+RLyQ1BscvT9ZLipd//TxsL4eaJw88rnfZxXoOj7cX4oyRyeJK/hzFHrEnNZtTWr4sUyCFZiXfbW05BCr1q75Dm8e1cqybd33bfK3dZ/saGfINI6hWOOR0CdDPDJo2Rmh3Xbrv7d9V6FI8Om1cyQMC1y8caDVXeXBg49L+YqLAjm0GmaMqtzujA+kp5OMc3Ejbsp1slFEHNHAmZ42nxifvwUow9AWsBSndwwYDsdoOg36TuN+F+X7S8qX8gB6BobbbrXnEp0ja/oY2rDvOfVNtbXD5IV4CulEFHiEtP1pVryuhTOaHw963ifgoGBJc2I+02rdj9XA8meyECmVaa4C24PqvFKnwiUF5HdcJAkrEPRzoL/BRu2a4h2j6Ax3EGfERnXx0kN/DjTpIyfYfe7M5Uzq0IyDSrQ== root@karma"
          }
        }
      ]
    },
    {
      "mode": "managed",
      "type": "digitalocean_database_cluster",
      "name": "postgres-analistic",
      "provider": "provider.digitalocean",
      "instances": [
        {
          "schema_version": 0,
          "attributes": {
            "database": "defaultdb",
            "engine": "pg",
            "host": "analistic-postgres-cluster2-do-user-14108758-0.b.db.ondigitalocean.com",
            "id": "47943b68-9ba9-431b-b90a-5cb282fab45a",
            "maintenance_window": [],
            "name": "analistic-postgres-cluster2",
            "node_count": 1,
            "password": "AVNS_cQ5nQpAsOBiJXv2TPmi",
            "port": 25060,
            "private_host": "private-analistic-postgres-cluster2-do-user-14108758-0.b.db.ondigitalocean.com",
            "private_uri": "postgresql://doadmin:AVNS_cQ5nQpAsOBiJXv2TPmi@private-analistic-postgres-cluster2-do-user-14108758-0.b.db.ondigitalocean.com:25060/defaultdb?sslmode=require",
            "region": "nyc1",
            "size": "db-s-1vcpu-1gb",
            "tags": [],
            "uri": "postgresql://doadmin:AVNS_cQ5nQpAsOBiJXv2TPmi@analistic-postgres-cluster2-do-user-14108758-0.b.db.ondigitalocean.com:25060/defaultdb?sslmode=require",
            "urn": "do:dbaas:47943b68-9ba9-431b-b90a-5cb282fab45a",
            "user": "doadmin",
            "version": "14"
          },
          "private": "bnVsbA=="
        }
      ]
    },
    {
      "mode": "managed",
      "type": "digitalocean_database_cluster",
      "name": "postgres-example",
      "provider": "provider.digitalocean",
      "instances": [
        {
          "schema_version": 0,
          "attributes": {
            "database": "defaultdb",
            "engine": "pg",
            "host": "example-postgres-cluster-do-user-14108758-0.b.db.ondigitalocean.com",
            "id": "c4cdb75e-5922-49cf-a0bd-96cfb206c421",
            "maintenance_window": [],
            "name": "example-postgres-cluster",
            "node_count": 1,
            "password": "AVNS_JgH2cl0mLD_z8sw5cNK",
            "port": 25060,
            "private_host": "private-example-postgres-cluster-do-user-14108758-0.b.db.ondigitalocean.com",
            "private_uri": "postgresql://doadmin:AVNS_JgH2cl0mLD_z8sw5cNK@private-example-postgres-cluster-do-user-14108758-0.b.db.ondigitalocean.com:25060/defaultdb?sslmode=require",
            "region": "nyc1",
            "size": "db-s-1vcpu-1gb",
            "tags": [],
            "uri": "postgresql://doadmin:AVNS_JgH2cl0mLD_z8sw5cNK@example-postgres-cluster-do-user-14108758-0.b.db.ondigitalocean.com:25060/defaultdb?sslmode=require",
            "urn": "do:dbaas:c4cdb75e-5922-49cf-a0bd-96cfb206c421",
            "user": "doadmin",
            "version": "14"
          },
          "private": "bnVsbA=="
        }
      ]
    },
    {
      "mode": "managed",
      "type": "digitalocean_droplet",
      "name": "new",
      "provider": "provider.digitalocean",
      "instances": [
        {
          "schema_version": 1,
          "attributes": {
            "backups": false,
            "created_at": "2023-05-31T21:15:55Z",
            "disk": 25,
            "id": "358293003",
            "image": "ubuntu-18-04-x64",
            "ipv4_address": "167.172.228.106",
            "ipv4_address_private": "10.108.0.5",
            "ipv6": false,
            "ipv6_address": "",
            "ipv6_address_private": null,
            "locked": false,
            "memory": 1024,
            "monitoring": false,
            "name": "new",
            "price_hourly": 0.00893,
            "price_monthly": 6,
            "private_networking": true,
            "region": "nyc3",
            "resize_disk": true,
            "size": "s-1vcpu-1gb",
            "ssh_keys": [
              "38459174"
            ],
            "status": "active",
            "tags": null,
            "urn": "do:droplet:358293003",
            "user_data": null,
            "vcpus": 1,
            "volume_ids": []
          },
          "private": "eyJzY2hlbWFfdmVyc2lvbiI6IjEifQ==",
          "depends_on": [
            "data.digitalocean_ssh_key.terraform"
          ]
        }
      ]
    },
    {
      "mode": "managed",
      "type": "digitalocean_droplet",
      "name": "web",
      "provider": "provider.digitalocean",
      "instances": [
        {
          "schema_version": 1,
          "attributes": {
            "backups": false,
            "created_at": "2023-05-31T20:37:04Z",
            "disk": 25,
            "id": "358289325",
            "image": "ubuntu-18-04-x64",
            "ipv4_address": "159.203.162.84",
            "ipv4_address_private": "10.108.0.2",
            "ipv6": false,
            "ipv6_address": "",
            "ipv6_address_private": null,
            "locked": false,
            "memory": 1024,
            "monitoring": false,
            "name": "web-1",
            "price_hourly": 0.00893,
            "price_monthly": 6,
            "private_networking": true,
            "region": "nyc3",
            "resize_disk": true,
            "size": "s-1vcpu-1gb",
            "ssh_keys": null,
            "status": "active",
            "tags": [],
            "urn": "do:droplet:358289325",
            "user_data": null,
            "vcpus": 1,
            "volume_ids": []
          },
          "private": "eyJzY2hlbWFfdmVyc2lvbiI6IjEifQ=="
        }
      ]
    },
    {
      "mode": "managed",
      "type": "digitalocean_loadbalancer",
      "name": "public",
      "provider": "provider.digitalocean",
      "instances": [
        {
          "schema_version": 0,
          "attributes": {
            "algorithm": "round_robin",
            "droplet_ids": [
              358289325
            ],
            "droplet_tag": "",
            "enable_proxy_protocol": false,
            "forwarding_rule": [
              {
                "certificate_id": "",
                "entry_port": 80,
                "entry_protocol": "http",
                "target_port": 80,
                "target_protocol": "http",
                "tls_passthrough": false
              }
            ],
            "healthcheck": [
              {
                "check_interval_seconds": 10,
                "healthy_threshold": 5,
                "path": "",
                "port": 22,
                "protocol": "tcp",
                "response_timeout_seconds": 5,
                "unhealthy_threshold": 3
              }
            ],
            "id": "24bcc157-e0e0-4740-a5af-22e9718d1408",
            "ip": "159.89.245.245",
            "name": "loadbalancer-1",
            "redirect_http_to_https": false,
            "region": "nyc3",
            "status": "active",
            "sticky_sessions": [
              {
                "cookie_name": "",
                "cookie_ttl_seconds": 0,
                "type": "none"
              }
            ],
            "urn": "do:loadbalancer:24bcc157-e0e0-4740-a5af-22e9718d1408"
          },
          "private": "bnVsbA==",
          "depends_on": [
            "digitalocean_droplet.web"
          ]
        }
      ]
    }
  ]
}
